// !$*UTF8*$!
{
	archiveVersion = 1;
	classes = {
	};
	objectVersion = 50;
	objects = {

/* Begin PBXBuildFile section */
		3D06E7632190ECFF00D8B34D /* AppDelegate.swift in Sources */ = {isa = PBXBuildFile; fileRef = 3D06E7622190ECFF00D8B34D /* AppDelegate.swift */; };
		3D06E7652190ECFF00D8B34D /* ViewController.swift in Sources */ = {isa = PBXBuildFile; fileRef = 3D06E7642190ECFF00D8B34D /* ViewController.swift */; };
		3D06E7682190ECFF00D8B34D /* Main.storyboard in Resources */ = {isa = PBXBuildFile; fileRef = 3D06E7662190ECFF00D8B34D /* Main.storyboard */; };
		3D06E76A2190ED0100D8B34D /* Assets.xcassets in Resources */ = {isa = PBXBuildFile; fileRef = 3D06E7692190ED0100D8B34D /* Assets.xcassets */; };
		3D06E76D2190ED0100D8B34D /* LaunchScreen.storyboard in Resources */ = {isa = PBXBuildFile; fileRef = 3D06E76B2190ED0100D8B34D /* LaunchScreen.storyboard */; };
		3D06E77E2190F2FE00D8B34D /* PlaceTableViewCell.swift in Sources */ = {isa = PBXBuildFile; fileRef = 3D06E7752190F2FD00D8B34D /* PlaceTableViewCell.swift */; };
		3D06E77F2190F2FE00D8B34D /* AddPlaceViewController.swift in Sources */ = {isa = PBXBuildFile; fileRef = 3D06E7762190F2FD00D8B34D /* AddPlaceViewController.swift */; };
		3D06E7812190F2FE00D8B34D /* PlaceModel.swift in Sources */ = {isa = PBXBuildFile; fileRef = 3D06E7782190F2FE00D8B34D /* PlaceModel.swift */; };
		3D06E7822190F2FE00D8B34D /* ConfirmMapPlaceViewController.swift in Sources */ = {isa = PBXBuildFile; fileRef = 3D06E7792190F2FE00D8B34D /* ConfirmMapPlaceViewController.swift */; };
		3D06E7832190F2FE00D8B34D /* ChoosePlaseOnMapViewController.swift in Sources */ = {isa = PBXBuildFile; fileRef = 3D06E77A2190F2FE00D8B34D /* ChoosePlaseOnMapViewController.swift */; };
		3D06E7842190F2FE00D8B34D /* View.swift in Sources */ = {isa = PBXBuildFile; fileRef = 3D06E77B2190F2FE00D8B34D /* View.swift */; };
		3D06E7852190F2FE00D8B34D /* TableView.swift in Sources */ = {isa = PBXBuildFile; fileRef = 3D06E77C2190F2FE00D8B34D /* TableView.swift */; };
		3D06E78A2190FE2600D8B34D /* BaseViewController.swift in Sources */ = {isa = PBXBuildFile; fileRef = 3D06E7892190FE2600D8B34D /* BaseViewController.swift */; };
		3D06E78D2191097E00D8B34D /* PlacesManager.swift in Sources */ = {isa = PBXBuildFile; fileRef = 3D06E78C2191097E00D8B34D /* PlacesManager.swift */; };
		3D06E79321917DA400D8B34D /* MapKit.framework in Frameworks */ = {isa = PBXBuildFile; fileRef = 3D06E79221917DA400D8B34D /* MapKit.framework */; };
		3D06E79721918F0300D8B34D /* PlaceDetailViewController.swift in Sources */ = {isa = PBXBuildFile; fileRef = 3D06E79621918F0300D8B34D /* PlaceDetailViewController.swift */; };
		3D7CA36321919888003E5370 /* SunriseApiManager.swift in Sources */ = {isa = PBXBuildFile; fileRef = 3D7CA36221919888003E5370 /* SunriseApiManager.swift */; };
		BED653641E63165925AAF381 /* Pods_SunriseApp.framework in Frameworks */ = {isa = PBXBuildFile; fileRef = 16ED42C88F77B3B36EF130A6 /* Pods_SunriseApp.framework */; };
/* End PBXBuildFile section */

/* Begin PBXFileReference section */
		16ED42C88F77B3B36EF130A6 /* Pods_SunriseApp.framework */ = {isa = PBXFileReference; explicitFileType = wrapper.framework; includeInIndex = 0; path = Pods_SunriseApp.framework; sourceTree = BUILT_PRODUCTS_DIR; };
		38313BACC2FB35A4ADEF2AEF /* Pods-SunriseApp.debug.xcconfig */ = {isa = PBXFileReference; includeInIndex = 1; lastKnownFileType = text.xcconfig; name = "Pods-SunriseApp.debug.xcconfig"; path = "Pods/Target Support Files/Pods-SunriseApp/Pods-SunriseApp.debug.xcconfig"; sourceTree = "<group>"; };
		3D06E75F2190ECFF00D8B34D /* SunriseApp.app */ = {isa = PBXFileReference; explicitFileType = wrapper.application; includeInIndex = 0; path = SunriseApp.app; sourceTree = BUILT_PRODUCTS_DIR; };
		3D06E7622190ECFF00D8B34D /* AppDelegate.swift */ = {isa = PBXFileReference; lastKnownFileType = sourcecode.swift; path = AppDelegate.swift; sourceTree = "<group>"; };
		3D06E7642190ECFF00D8B34D /* ViewController.swift */ = {isa = PBXFileReference; lastKnownFileType = sourcecode.swift; path = ViewController.swift; sourceTree = "<group>"; };
		3D06E7672190ECFF00D8B34D /* Base */ = {isa = PBXFileReference; lastKnownFileType = file.storyboard; name = Base; path = Base.lproj/Main.storyboard; sourceTree = "<group>"; };
		3D06E7692190ED0100D8B34D /* Assets.xcassets */ = {isa = PBXFileReference; lastKnownFileType = folder.assetcatalog; path = Assets.xcassets; sourceTree = "<group>"; };
		3D06E76C2190ED0100D8B34D /* Base */ = {isa = PBXFileReference; lastKnownFileType = file.storyboard; name = Base; path = Base.lproj/LaunchScreen.storyboard; sourceTree = "<group>"; };
		3D06E76E2190ED0100D8B34D /* Info.plist */ = {isa = PBXFileReference; lastKnownFileType = text.plist.xml; path = Info.plist; sourceTree = "<group>"; };
		3D06E7752190F2FD00D8B34D /* PlaceTableViewCell.swift */ = {isa = PBXFileReference; fileEncoding = 4; lastKnownFileType = sourcecode.swift; path = PlaceTableViewCell.swift; sourceTree = "<group>"; };
		3D06E7762190F2FD00D8B34D /* AddPlaceViewController.swift */ = {isa = PBXFileReference; fileEncoding = 4; lastKnownFileType = sourcecode.swift; path = AddPlaceViewController.swift; sourceTree = "<group>"; };
		3D06E7782190F2FE00D8B34D /* PlaceModel.swift */ = {isa = PBXFileReference; fileEncoding = 4; lastKnownFileType = sourcecode.swift; path = PlaceModel.swift; sourceTree = "<group>"; };
		3D06E7792190F2FE00D8B34D /* ConfirmMapPlaceViewController.swift */ = {isa = PBXFileReference; fileEncoding = 4; lastKnownFileType = sourcecode.swift; path = ConfirmMapPlaceViewController.swift; sourceTree = "<group>"; };
		3D06E77A2190F2FE00D8B34D /* ChoosePlaseOnMapViewController.swift */ = {isa = PBXFileReference; fileEncoding = 4; lastKnownFileType = sourcecode.swift; path = ChoosePlaseOnMapViewController.swift; sourceTree = "<group>"; };
		3D06E77B2190F2FE00D8B34D /* View.swift */ = {isa = PBXFileReference; fileEncoding = 4; lastKnownFileType = sourcecode.swift; path = View.swift; sourceTree = "<group>"; };
		3D06E77C2190F2FE00D8B34D /* TableView.swift */ = {isa = PBXFileReference; fileEncoding = 4; lastKnownFileType = sourcecode.swift; path = TableView.swift; sourceTree = "<group>"; };
		3D06E7892190FE2600D8B34D /* BaseViewController.swift */ = {isa = PBXFileReference; lastKnownFileType = sourcecode.swift; path = BaseViewController.swift; sourceTree = "<group>"; };
		3D06E78C2191097E00D8B34D /* PlacesManager.swift */ = {isa = PBXFileReference; lastKnownFileType = sourcecode.swift; path = PlacesManager.swift; sourceTree = "<group>"; };
		3D06E79221917DA400D8B34D /* MapKit.framework */ = {isa = PBXFileReference; lastKnownFileType = wrapper.framework; name = MapKit.framework; path = System/Library/Frameworks/MapKit.framework; sourceTree = SDKROOT; };
		3D06E79621918F0300D8B34D /* PlaceDetailViewController.swift */ = {isa = PBXFileReference; lastKnownFileType = sourcecode.swift; path = PlaceDetailViewController.swift; sourceTree = "<group>"; };
		3D7CA36221919888003E5370 /* SunriseApiManager.swift */ = {isa = PBXFileReference; lastKnownFileType = sourcecode.swift; path = SunriseApiManager.swift; sourceTree = "<group>"; };
		C46812C1A796BBD7BE283E88 /* Pods-SunriseApp.release.xcconfig */ = {isa = PBXFileReference; includeInIndex = 1; lastKnownFileType = text.xcconfig; name = "Pods-SunriseApp.release.xcconfig"; path = "Pods/Target Support Files/Pods-SunriseApp/Pods-SunriseApp.release.xcconfig"; sourceTree = "<group>"; };
/* End PBXFileReference section */

/* Begin PBXFrameworksBuildPhase section */
		3D06E75C2190ECFF00D8B34D /* Frameworks */ = {
			isa = PBXFrameworksBuildPhase;
			buildActionMask = 2147483647;
			files = (
				3D06E79321917DA400D8B34D /* MapKit.framework in Frameworks */,
				BED653641E63165925AAF381 /* Pods_SunriseApp.framework in Frameworks */,
			);
			runOnlyForDeploymentPostprocessing = 0;
		};
/* End PBXFrameworksBuildPhase section */

/* Begin PBXGroup section */
		2375AA807A4659473698F4EC /* Pods */ = {
			isa = PBXGroup;
			children = (
				38313BACC2FB35A4ADEF2AEF /* Pods-SunriseApp.debug.xcconfig */,
				C46812C1A796BBD7BE283E88 /* Pods-SunriseApp.release.xcconfig */,
			);
			name = Pods;
			sourceTree = "<group>";
		};
		3D06E7562190ECFF00D8B34D = {
			isa = PBXGroup;
			children = (
				3D06E7612190ECFF00D8B34D /* SunriseApp */,
				3D06E7602190ECFF00D8B34D /* Products */,
				2375AA807A4659473698F4EC /* Pods */,
				C459364C4596490B83CCEC68 /* Frameworks */,
			);
			sourceTree = "<group>";
		};
		3D06E7602190ECFF00D8B34D /* Products */ = {
			isa = PBXGroup;
			children = (
				3D06E75F2190ECFF00D8B34D /* SunriseApp.app */,
			);
			name = Products;
			sourceTree = "<group>";
		};
		3D06E7612190ECFF00D8B34D /* SunriseApp */ = {
			isa = PBXGroup;
			children = (
				3D06E78B2191096100D8B34D /* Managers */,
				3D06E7872190F3DC00D8B34D /* Controllers */,
				3D06E7862190F3BC00D8B34D /* Extensions */,
				3D06E7782190F2FE00D8B34D /* PlaceModel.swift */,
				3D06E7752190F2FD00D8B34D /* PlaceTableViewCell.swift */,
				3D06E7622190ECFF00D8B34D /* AppDelegate.swift */,
				3D06E7662190ECFF00D8B34D /* Main.storyboard */,
				3D06E7692190ED0100D8B34D /* Assets.xcassets */,
				3D06E76B2190ED0100D8B34D /* LaunchScreen.storyboard */,
				3D06E76E2190ED0100D8B34D /* Info.plist */,
				3D06E7892190FE2600D8B34D /* BaseViewController.swift */,
			);
			path = SunriseApp;
			sourceTree = "<group>";
		};
		3D06E7862190F3BC00D8B34D /* Extensions */ = {
			isa = PBXGroup;
			children = (
				3D06E77C2190F2FE00D8B34D /* TableView.swift */,
				3D06E77B2190F2FE00D8B34D /* View.swift */,
			);
			path = Extensions;
			sourceTree = "<group>";
		};
		3D06E7872190F3DC00D8B34D /* Controllers */ = {
			isa = PBXGroup;
			children = (
				3D06E7642190ECFF00D8B34D /* ViewController.swift */,
				3D06E7762190F2FD00D8B34D /* AddPlaceViewController.swift */,
				3D06E77A2190F2FE00D8B34D /* ChoosePlaseOnMapViewController.swift */,
				3D06E7792190F2FE00D8B34D /* ConfirmMapPlaceViewController.swift */,
				3D06E79621918F0300D8B34D /* PlaceDetailViewController.swift */,
			);
			path = Controllers;
			sourceTree = "<group>";
		};
		3D06E78B2191096100D8B34D /* Managers */ = {
			isa = PBXGroup;
			children = (
				3D06E78C2191097E00D8B34D /* PlacesManager.swift */,
				3D7CA36221919888003E5370 /* SunriseApiManager.swift */,
			);
			path = Managers;
			sourceTree = "<group>";
		};
		C459364C4596490B83CCEC68 /* Frameworks */ = {
			isa = PBXGroup;
			children = (
				3D06E79221917DA400D8B34D /* MapKit.framework */,
				16ED42C88F77B3B36EF130A6 /* Pods_SunriseApp.framework */,
			);
			name = Frameworks;
			sourceTree = "<group>";
		};
/* End PBXGroup section */

/* Begin PBXNativeTarget section */
		3D06E75E2190ECFF00D8B34D /* SunriseApp */ = {
			isa = PBXNativeTarget;
			buildConfigurationList = 3D06E7712190ED0100D8B34D /* Build configuration list for PBXNativeTarget "SunriseApp" */;
			buildPhases = (
				F34F7DD34DDA8F2E6C4C6399 /* [CP] Check Pods Manifest.lock */,
				3D06E75B2190ECFF00D8B34D /* Sources */,
				3D06E75C2190ECFF00D8B34D /* Frameworks */,
				3D06E75D2190ECFF00D8B34D /* Resources */,
				AE4EDE7EFDC1082B0686F663 /* [CP] Copy Pods Resources */,
				2D786AB58CD0AD65541DF9C9 /* [CP] Embed Pods Frameworks */,
			);
			buildRules = (
			);
			dependencies = (
			);
			name = SunriseApp;
			productName = SunriseApp;
			productReference = 3D06E75F2190ECFF00D8B34D /* SunriseApp.app */;
			productType = "com.apple.product-type.application";
		};
/* End PBXNativeTarget section */

/* Begin PBXProject section */
		3D06E7572190ECFF00D8B34D /* Project object */ = {
			isa = PBXProject;
			attributes = {
				LastSwiftUpdateCheck = 1010;
				LastUpgradeCheck = 1010;
				ORGANIZATIONNAME = "Bohdan Dankovych";
				TargetAttributes = {
					3D06E75E2190ECFF00D8B34D = {
						CreatedOnToolsVersion = 10.1;
						SystemCapabilities = {
							com.apple.Maps.iOS = {
								enabled = 1;
							};
						};
					};
				};
			};
			buildConfigurationList = 3D06E75A2190ECFF00D8B34D /* Build configuration list for PBXProject "SunriseApp" */;
			compatibilityVersion = "Xcode 9.3";
			developmentRegion = en;
			hasScannedForEncodings = 0;
			knownRegions = (
				en,
				Base,
			);
			mainGroup = 3D06E7562190ECFF00D8B34D;
			productRefGroup = 3D06E7602190ECFF00D8B34D /* Products */;
			projectDirPath = "";
			projectRoot = "";
			targets = (
				3D06E75E2190ECFF00D8B34D /* SunriseApp */,
			);
		};
/* End PBXProject section */

/* Begin PBXResourcesBuildPhase section */
		3D06E75D2190ECFF00D8B34D /* Resources */ = {
			isa = PBXResourcesBuildPhase;
			buildActionMask = 2147483647;
			files = (
				3D06E76D2190ED0100D8B34D /* LaunchScreen.storyboard in Resources */,
				3D06E76A2190ED0100D8B34D /* Assets.xcassets in Resources */,
				3D06E7682190ECFF00D8B34D /* Main.storyboard in Resources */,
			);
			runOnlyForDeploymentPostprocessing = 0;
		};
/* End PBXResourcesBuildPhase section */

/* Begin PBXShellScriptBuildPhase section */
		2D786AB58CD0AD65541DF9C9 /* [CP] Embed Pods Frameworks */ = {
			isa = PBXShellScriptBuildPhase;
			buildActionMask = 2147483647;
			files = (
			);
			inputFileListPaths = (
			);
			inputPaths = (
				"${SRCROOT}/Pods/Target Support Files/Pods-SunriseApp/Pods-SunriseApp-frameworks.sh",
				"${BUILT_PRODUCTS_DIR}/Alamofire/Alamofire.framework",
				"${BUILT_PRODUCTS_DIR}/AlamofireObjectMapper/AlamofireObjectMapper.framework",
				"${BUILT_PRODUCTS_DIR}/ObjectMapper/ObjectMapper.framework",
			);
			name = "[CP] Embed Pods Frameworks";
			outputFileListPaths = (
			);
			outputPaths = (
				"${TARGET_BUILD_DIR}/${FRAMEWORKS_FOLDER_PATH}/Alamofire.framework",
				"${TARGET_BUILD_DIR}/${FRAMEWORKS_FOLDER_PATH}/AlamofireObjectMapper.framework",
				"${TARGET_BUILD_DIR}/${FRAMEWORKS_FOLDER_PATH}/ObjectMapper.framework",
			);
			runOnlyForDeploymentPostprocessing = 0;
			shellPath = /bin/sh;
			shellScript = "\"${SRCROOT}/Pods/Target Support Files/Pods-SunriseApp/Pods-SunriseApp-frameworks.sh\"\n";
			showEnvVarsInLog = 0;
		};
		AE4EDE7EFDC1082B0686F663 /* [CP] Copy Pods Resources */ = {
			isa = PBXShellScriptBuildPhase;
			buildActionMask = 2147483647;
			files = (
			);
			inputFileListPaths = (
			);
			inputPaths = (
				"${SRCROOT}/Pods/Target Support Files/Pods-SunriseApp/Pods-SunriseApp-resources.sh",
				"${PODS_ROOT}/GooglePlaces/Frameworks/GooglePlaces.framework/Resources/GooglePlaces.bundle",
			);
			name = "[CP] Copy Pods Resources";
			outputFileListPaths = (
			);
			outputPaths = (
				"${TARGET_BUILD_DIR}/${UNLOCALIZED_RESOURCES_FOLDER_PATH}/GooglePlaces.bundle",
			);
			runOnlyForDeploymentPostprocessing = 0;
			shellPath = /bin/sh;
			shellScript = "\"${SRCROOT}/Pods/Target Support Files/Pods-SunriseApp/Pods-SunriseApp-resources.sh\"\n";
			showEnvVarsInLog = 0;
		};
		F34F7DD34DDA8F2E6C4C6399 /* [CP] Check Pods Manifest.lock */ = {
			isa = PBXShellScriptBuildPhase;
			buildActionMask = 2147483647;
			files = (
			);
			inputFileListPaths = (
			);
			inputPaths = (
				"${PODS_PODFILE_DIR_PATH}/Podfile.lock",
				"${PODS_ROOT}/Manifest.lock",
			);
			name = "[CP] Check Pods Manifest.lock";
			outputFileListPaths = (
			);
			outputPaths = (
				"$(DERIVED_FILE_DIR)/Pods-SunriseApp-checkManifestLockResult.txt",
			);
			runOnlyForDeploymentPostprocessing = 0;
			shellPath = /bin/sh;
			shellScript = "diff \"${PODS_PODFILE_DIR_PATH}/Podfile.lock\" \"${PODS_ROOT}/Manifest.lock\" > /dev/null\nif [ $? != 0 ] ; then\n    # print error to STDERR\n    echo \"error: The sandbox is not in sync with the Podfile.lock. Run 'pod install' or update your CocoaPods installation.\" >&2\n    exit 1\nfi\n# This output is used by Xcode 'outputs' to avoid re-running this script phase.\necho \"SUCCESS\" > \"${SCRIPT_OUTPUT_FILE_0}\"\n";
			showEnvVarsInLog = 0;
		};
/* End PBXShellScriptBuildPhase section */

/* Begin PBXSourcesBuildPhase section */
		3D06E75B2190ECFF00D8B34D /* Sources */ = {
			isa = PBXSourcesBuildPhase;
			buildActionMask = 2147483647;
			files = (
				3D06E7822190F2FE00D8B34D /* ConfirmMapPlaceViewController.swift in Sources */,
				3D06E7852190F2FE00D8B34D /* TableView.swift in Sources */,
				3D06E77F2190F2FE00D8B34D /* AddPlaceViewController.swift in Sources */,
				3D06E7652190ECFF00D8B34D /* ViewController.swift in Sources */,
				3D06E7632190ECFF00D8B34D /* AppDelegate.swift in Sources */,
				3D06E78A2190FE2600D8B34D /* BaseViewController.swift in Sources */,
				3D06E7842190F2FE00D8B34D /* View.swift in Sources */,
				3D06E77E2190F2FE00D8B34D /* PlaceTableViewCell.swift in Sources */,
				3D06E7812190F2FE00D8B34D /* PlaceModel.swift in Sources */,
				3D06E79721918F0300D8B34D /* PlaceDetailViewController.swift in Sources */,
				3D7CA36321919888003E5370 /* SunriseApiManager.swift in Sources */,
				3D06E7832190F2FE00D8B34D /* ChoosePlaseOnMapViewController.swift in Sources */,
				3D06E78D2191097E00D8B34D /* PlacesManager.swift in Sources */,
			);
			runOnlyForDeploymentPostprocessing = 0;
		};
/* End PBXSourcesBuildPhase section */

/* Begin PBXVariantGroup section */
		3D06E7662190ECFF00D8B34D /* Main.storyboard */ = {
			isa = PBXVariantGroup;
			children = (
				3D06E7672190ECFF00D8B34D /* Base */,
			);
			name = Main.storyboard;
			sourceTree = "<group>";
		};
		3D06E76B2190ED0100D8B34D /* LaunchScreen.storyboard */ = {
			isa = PBXVariantGroup;
			children = (
				3D06E76C2190ED0100D8B34D /* Base */,
			);
			name = LaunchScreen.storyboard;
			sourceTree = "<group>";
		};
/* End PBXVariantGroup section */

/* Begin XCBuildConfiguration section */
		3D06E76F2190ED0100D8B34D /* Debug */ = {
			isa = XCBuildConfiguration;
			buildSettings = {
				ALWAYS_SEARCH_USER_PATHS = NO;
				CLANG_ANALYZER_NONNULL = YES;
				CLANG_ANALYZER_NUMBER_OBJECT_CONVERSION = YES_AGGRESSIVE;
				CLANG_CXX_LANGUAGE_STANDARD = "gnu++14";
				CLANG_CXX_LIBRARY = "libc++";
				CLANG_ENABLE_MODULES = YES;
				CLANG_ENABLE_OBJC_ARC = YES;
				CLANG_ENABLE_OBJC_WEAK = YES;
				CLANG_WARN_BLOCK_CAPTURE_AUTORELEASING = YES;
				CLANG_WARN_BOOL_CONVERSION = YES;
				CLANG_WARN_COMMA = YES;
				CLANG_WARN_CONSTANT_CONVERSION = YES;
				CLANG_WARN_DEPRECATED_OBJC_IMPLEMENTATIONS = YES;
				CLANG_WARN_DIRECT_OBJC_ISA_USAGE = YES_ERROR;
				CLANG_WARN_DOCUMENTATION_COMMENTS = YES;
				CLANG_WARN_EMPTY_BODY = YES;
				CLANG_WARN_ENUM_CONVERSION = YES;
				CLANG_WARN_INFINITE_RECURSION = YES;
				CLANG_WARN_INT_CONVERSION = YES;
				CLANG_WARN_NON_LITERAL_NULL_CONVERSION = YES;
				CLANG_WARN_OBJC_IMPLICIT_RETAIN_SELF = YES;
				CLANG_WARN_OBJC_LITERAL_CONVERSION = YES;
				CLANG_WARN_OBJC_ROOT_CLASS = YES_ERROR;
				CLANG_WARN_RANGE_LOOP_ANALYSIS = YES;
				CLANG_WARN_STRICT_PROTOTYPES = YES;
				CLANG_WARN_SUSPICIOUS_MOVE = YES;
				CLANG_WARN_UNGUARDED_AVAILABILITY = YES_AGGRESSIVE;
				CLANG_WARN_UNREACHABLE_CODE = YES;
				CLANG_WARN__DUPLICATE_METHOD_MATCH = YES;
				CODE_SIGN_IDENTITY = "iPhone Developer";
				COPY_PHASE_STRIP = NO;
				DEBUG_INFORMATION_FORMAT = dwarf;
				ENABLE_STRICT_OBJC_MSGSEND = YES;
				ENABLE_TESTABILITY = YES;
				GCC_C_LANGUAGE_STANDARD = gnu11;
				GCC_DYNAMIC_NO_PIC = NO;
				GCC_NO_COMMON_BLOCKS = YES;
				GCC_OPTIMIZATION_LEVEL = 0;
				GCC_PREPROCESSOR_DEFINITIONS = (
					"DEBUG=1",
					"$(inherited)",
				);
				GCC_WARN_64_TO_32_BIT_CONVERSION = YES;
				GCC_WARN_ABOUT_RETURN_TYPE = YES_ERROR;
				GCC_WARN_UNDECLARED_SELECTOR = YES;
				GCC_WARN_UNINITIALIZED_AUTOS = YES_AGGRESSIVE;
				GCC_WARN_UNUSED_FUNCTION = YES;
				GCC_WARN_UNUSED_VARIABLE = YES;
				IPHONEOS_DEPLOYMENT_TARGET = 12.1;
				MTL_ENABLE_DEBUG_INFO = INCLUDE_SOURCE;
				MTL_FAST_MATH = YES;
				ONLY_ACTIVE_ARCH = YES;
				SDKROOT = iphoneos;
				SWIFT_ACTIVE_COMPILATION_CONDITIONS = DEBUG;
				SWIFT_OPTIMIZATION_LEVEL = "-Onone";
			};
			name = Debug;
		};
		3D06E7702190ED0100D8B34D /* Release */ = {
			isa = XCBuildConfiguration;
			buildSettings = {
				ALWAYS_SEARCH_USER_PATHS = NO;
				CLANG_ANALYZER_NONNULL = YES;
				CLANG_ANALYZER_NUMBER_OBJECT_CONVERSION = YES_AGGRESSIVE;
				CLANG_CXX_LANGUAGE_STANDARD = "gnu++14";
				CLANG_CXX_LIBRARY = "libc++";
				CLANG_ENABLE_MODULES = YES;
				CLANG_ENABLE_OBJC_ARC = YES;
				CLANG_ENABLE_OBJC_WEAK = YES;
				CLANG_WARN_BLOCK_CAPTURE_AUTORELEASING = YES;
				CLANG_WARN_BOOL_CONVERSION = YES;
				CLANG_WARN_COMMA = YES;
				CLANG_WARN_CONSTANT_CONVERSION = YES;
				CLANG_WARN_DEPRECATED_OBJC_IMPLEMENTATIONS = YES;
				CLANG_WARN_DIRECT_OBJC_ISA_USAGE = YES_ERROR;
				CLANG_WARN_DOCUMENTATION_COMMENTS = YES;
				CLANG_WARN_EMPTY_BODY = YES;
				CLANG_WARN_ENUM_CONVERSION = YES;
				CLANG_WARN_INFINITE_RECURSION = YES;
				CLANG_WARN_INT_CONVERSION = YES;
				CLANG_WARN_NON_LITERAL_NULL_CONVERSION = YES;
				CLANG_WARN_OBJC_IMPLICIT_RETAIN_SELF = YES;
				CLANG_WARN_OBJC_LITERAL_CONVERSION = YES;
				CLANG_WARN_OBJC_ROOT_CLASS = YES_ERROR;
				CLANG_WARN_RANGE_LOOP_ANALYSIS = YES;
				CLANG_WARN_STRICT_PROTOTYPES = YES;
				CLANG_WARN_SUSPICIOUS_MOVE = YES;
				CLANG_WARN_UNGUARDED_AVAILABILITY = YES_AGGRESSIVE;
				CLANG_WARN_UNREACHABLE_CODE = YES;
				CLANG_WARN__DUPLICATE_METHOD_MATCH = YES;
				CODE_SIGN_IDENTITY = "iPhone Developer";
				COPY_PHASE_STRIP = NO;
				DEBUG_INFORMATION_FORMAT = "dwarf-with-dsym";
				ENABLE_NS_ASSERTIONS = NO;
				ENABLE_STRICT_OBJC_MSGSEND = YES;
				GCC_C_LANGUAGE_STANDARD = gnu11;
				GCC_NO_COMMON_BLOCKS = YES;
				GCC_WARN_64_TO_32_BIT_CONVERSION = YES;
				GCC_WARN_ABOUT_RETURN_TYPE = YES_ERROR;
				GCC_WARN_UNDECLARED_SELECTOR = YES;
				GCC_WARN_UNINITIALIZED_AUTOS = YES_AGGRESSIVE;
				GCC_WARN_UNUSED_FUNCTION = YES;
				GCC_WARN_UNUSED_VARIABLE = YES;
				IPHONEOS_DEPLOYMENT_TARGET = 12.1;
				MTL_ENABLE_DEBUG_INFO = NO;
				MTL_FAST_MATH = YES;
				SDKROOT = iphoneos;
				SWIFT_COMPILATION_MODE = wholemodule;
				SWIFT_OPTIMIZATION_LEVEL = "-O";
				VALIDATE_PRODUCT = YES;
			};
			name = Release;
		};
		3D06E7722190ED0100D8B34D /* Debug */ = {
			isa = XCBuildConfiguration;
			baseConfigurationReference = 38313BACC2FB35A4ADEF2AEF /* Pods-SunriseApp.debug.xcconfig */;
			buildSettings = {
				ASSETCATALOG_COMPILER_APPICON_NAME = AppIcon;
				CODE_SIGN_IDENTITY = "iPhone Developer";
				CODE_SIGN_STYLE = Automatic;
				DEVELOPMENT_TEAM = 5V2UR6Y3A9;
				INFOPLIST_FILE = SunriseApp/Info.plist;
				LD_RUNPATH_SEARCH_PATHS = (
					"$(inherited)",
					"@executable_path/Frameworks",
				);
				PRODUCT_BUNDLE_IDENTIFIER = com.bohdan.dankovych.SunriseApp;
				PRODUCT_NAME = "$(TARGET_NAME)";
				PROVISIONING_PROFILE_SPECIFIER = "";
				SWIFT_VERSION = 4.2;
				TARGETED_DEVICE_FAMILY = "1,2";
			};
			name = Debug;
		};
		3D06E7732190ED0100D8B34D /* Release */ = {
			isa = XCBuildConfiguration;
			baseConfigurationReference = C46812C1A796BBD7BE283E88 /* Pods-SunriseApp.release.xcconfig */;
			buildSettings = {
				ASSETCATALOG_COMPILER_APPICON_NAME = AppIcon;
				CODE_SIGN_IDENTITY = "iPhone Developer";
				CODE_SIGN_STYLE = Automatic;
				DEVELOPMENT_TEAM = 5V2UR6Y3A9;
				INFOPLIST_FILE = SunriseApp/Info.plist;
				LD_RUNPATH_SEARCH_PATHS = (
					"$(inherited)",
					"@executable_path/Frameworks",
				);
				PRODUCT_BUNDLE_IDENTIFIER = com.bohdan.dankovych.SunriseApp;
				PRODUCT_NAME = "$(TARGET_NAME)";
				PROVISIONING_PROFILE_SPECIFIER = "";
				SWIFT_VERSION = 4.2;
				TARGETED_DEVICE_FAMILY = "1,2";
			};
			name = Release;
		};
/* End XCBuildConfiguration section */

/* Begin XCConfigurationList section */
		3D06E75A2190ECFF00D8B34D /* Build configuration list for PBXProject "SunriseApp" */ = {
			isa = XCConfigurationList;
			buildConfigurations = (
				3D06E76F2190ED0100D8B34D /* Debug */,
				3D06E7702190ED0100D8B34D /* Release */,
			);
			defaultConfigurationIsVisible = 0;
			defaultConfigurationName = Release;
		};
		3D06E7712190ED0100D8B34D /* Build configuration list for PBXNativeTarget "SunriseApp" */ = {
			isa = XCConfigurationList;
			buildConfigurations = (
				3D06E7722190ED0100D8B34D /* Debug */,
				3D06E7732190ED0100D8B34D /* Release */,
			);
			defaultConfigurationIsVisible = 0;
			defaultConfigurationName = Release;
		};
/* End XCConfigurationList section */
	};
	rootObject = 3D06E7572190ECFF00D8B34D /* Project object */;
}
